
Microsoft Visual Studio Solution File, Format Version 12.00
# Visual Studio Version 16
VisualStudioVersion = 16.0.31829.152
MinimumVisualStudioVersion = 10.0.40219.1
Project("{FAE04EC0-301F-11D3-BF4B-00C04F79EFBC}") = "Eshop", "Eshop\Eshop.csproj", "{108CB490-27A7-41CD-9FEE-4D3990796789}"
EndProject
Global
	GlobalSection(SolutionConfigurationPlatforms) = preSolution
		Debug|Any CPU = Debug|Any CPU
		Release|Any CPU = Release|Any CPU
	EndGlobalSection
	GlobalSection(ProjectConfigurationPlatforms) = postSolution
		{108CB490-27A7-41CD-9FEE-4D3990796789}.Debug|Any CPU.ActiveCfg = Debug|Any CPU
		{108CB490-27A7-41CD-9FEE-4D3990796789}.Debug|Any CPU.Build.0 = Debug|Any CPU
		{108CB490-27A7-41CD-9FEE-4D3990796789}.Release|Any CPU.ActiveCfg = Release|Any CPU
		{108CB490-27A7-41CD-9FEE-4D3990796789}.Release|Any CPU.Build.0 = Release|Any CPU
	EndGlobalSection
	GlobalSection(SolutionProperties) = preSolution
		HideSolutionNode = FALSE
	EndGlobalSection
	GlobalSection(ExtensibilityGlobals) = postSolution
		SolutionGuid = {9799CE1D-81BD-4EE0-B44B-759A1F96A19B}
	EndGlobalSection
EndGlobal
